
Microsoft Visual Studio Solution File, Format Version 12.00
# Visual Studio Version 17
VisualStudioVersion = 17.5.002.0
MinimumVisualStudioVersion = 10.0.40219.1
Project("{9A19103F-16F7-4668-BE54-9A1E7A4F7556}") = "DesafioPOO", "DesafioPOO.csproj", "{993475BD-FAC5-4BAE-863A-F5D3A6B92533}"
EndProject
Global
	GlobalSection(SolutionConfigurationPlatforms) = preSolution
		Debug|Any CPU = Debug|Any CPU
		Release|Any CPU = Release|Any CPU
	EndGlobalSection
	GlobalSection(ProjectConfigurationPlatforms) = postSolution
		{993475BD-FAC5-4BAE-863A-F5D3A6B92533}.Debug|Any CPU.ActiveCfg = Debug|Any CPU
		{993475BD-FAC5-4BAE-863A-F5D3A6B92533}.Debug|Any CPU.Build.0 = Debug|Any CPU
		{993475BD-FAC5-4BAE-863A-F5D3A6B92533}.Release|Any CPU.ActiveCfg = Release|Any CPU
		{993475BD-FAC5-4BAE-863A-F5D3A6B92533}.Release|Any CPU.Build.0 = Release|Any CPU
	EndGlobalSection
	GlobalSection(SolutionProperties) = preSolution
		HideSolutionNode = FALSE
	EndGlobalSection
	GlobalSection(ExtensibilityGlobals) = postSolution
		SolutionGuid = {1C6757BA-F417-40C9-82DE-4DBDE3532700}
	EndGlobalSection
EndGlobal
